{
  "name": "desafio1",
  "version": "1.0.0",
  "lockfileVersion": 2,
  "requires": true,
  "packages": {
    "": {
      "name": "desafio1",
      "version": "1.0.0",
      "license": "ISC",
      "dependencies": {
        "romans": "^2.0.7"
      }
    },
    "node_modules/romans": {
      "version": "2.0.7",
      "resolved": "https://registry.npmjs.org/romans/-/romans-2.0.7.tgz",
      "integrity": "sha512-CdePLY/O9H3HAgt/o97QbIcRxM3q5xFvyclam17Y4bLTiYFVtcW7Yfyr5gnTZNQcLGwdAp//3ro01eOe+x3Buw=="
    }
  },
  "dependencies": {
    "romans": {
      "version": "2.0.7",
      "resolved": "https://registry.npmjs.org/romans/-/romans-2.0.7.tgz",
      "integrity": "sha512-CdePLY/O9H3HAgt/o97QbIcRxM3q5xFvyclam17Y4bLTiYFVtcW7Yfyr5gnTZNQcLGwdAp//3ro01eOe+x3Buw=="
    }
  }
}
